
Microsoft Visual Studio Solution File, Format Version 12.00
# Visual Studio Version 16
VisualStudioVersion = 16.0.30804.86
MinimumVisualStudioVersion = 10.0.40219.1
Project("{FAE04EC0-301F-11D3-BF4B-00C04F79EFBC}") = "GameStore.Domain", "GameStore.Domain\GameStore.Domain.csproj", "{8342BDBC-5BB6-4354-86A6-D56A4240CE51}"
EndProject
Project("{FAE04EC0-301F-11D3-BF4B-00C04F79EFBC}") = "GameStore.WebUI", "GameStore.WebUI\GameStore.WebUI.csproj", "{E4310C33-D3FE-47A9-9396-A84B023747F9}"
EndProject
Project("{FAE04EC0-301F-11D3-BF4B-00C04F79EFBC}") = "GameStore.UnitTests", "GameStore.UnitTests\GameStore.UnitTests.csproj", "{07ACCAEE-2FEB-49B0-8919-68523E63BE29}"
EndProject
Global
	GlobalSection(SolutionConfigurationPlatforms) = preSolution
		Debug|Any CPU = Debug|Any CPU
		Release|Any CPU = Release|Any CPU
	EndGlobalSection
	GlobalSection(ProjectConfigurationPlatforms) = postSolution
		{8342BDBC-5BB6-4354-86A6-D56A4240CE51}.Debug|Any CPU.ActiveCfg = Debug|Any CPU
		{8342BDBC-5BB6-4354-86A6-D56A4240CE51}.Debug|Any CPU.Build.0 = Debug|Any CPU
		{8342BDBC-5BB6-4354-86A6-D56A4240CE51}.Release|Any CPU.ActiveCfg = Release|Any CPU
		{8342BDBC-5BB6-4354-86A6-D56A4240CE51}.Release|Any CPU.Build.0 = Release|Any CPU
		{E4310C33-D3FE-47A9-9396-A84B023747F9}.Debug|Any CPU.ActiveCfg = Debug|Any CPU
		{E4310C33-D3FE-47A9-9396-A84B023747F9}.Debug|Any CPU.Build.0 = Debug|Any CPU
		{E4310C33-D3FE-47A9-9396-A84B023747F9}.Release|Any CPU.ActiveCfg = Release|Any CPU
		{E4310C33-D3FE-47A9-9396-A84B023747F9}.Release|Any CPU.Build.0 = Release|Any CPU
		{07ACCAEE-2FEB-49B0-8919-68523E63BE29}.Debug|Any CPU.ActiveCfg = Debug|Any CPU
		{07ACCAEE-2FEB-49B0-8919-68523E63BE29}.Debug|Any CPU.Build.0 = Debug|Any CPU
		{07ACCAEE-2FEB-49B0-8919-68523E63BE29}.Release|Any CPU.ActiveCfg = Release|Any CPU
		{07ACCAEE-2FEB-49B0-8919-68523E63BE29}.Release|Any CPU.Build.0 = Release|Any CPU
	EndGlobalSection
	GlobalSection(SolutionProperties) = preSolution
		HideSolutionNode = FALSE
	EndGlobalSection
	GlobalSection(ExtensibilityGlobals) = postSolution
		SolutionGuid = {119FFB4C-0352-4748-A14E-ECBBB634E66F}
	EndGlobalSection
EndGlobal
